<?xml version="1.0" encoding="utf-8"?>
<Project ToolsVersion="4.0" xmlns="http://schemas.microsoft.com/developer/msbuild/2003">
  <ItemGroup>
    <Filter Include="Source Files">
      <UniqueIdentifier>{4FC737F1-C7A5-4376-A066-2A32D752A2FF}</UniqueIdentifier>
      <Extensions>cpp;c;cc;cxx;def;odl;idl;hpj;bat;asm;asmx</Extensions>
    </Filter>
    <Filter Include="Header Files">
      <UniqueIdentifier>{93995380-89BD-4b04-88EB-625FBE52EBFB}</UniqueIdentifier>
      <Extensions>h;hh;hpp;hxx;hm;inl;inc;ipp;xsd</Extensions>
    </Filter>
    <Filter Include="Resource Files">
      <UniqueIdentifier>{67DA6AB6-F800-4c08-8B7A-83BB121AAD01}</UniqueIdentifier>
      <Extensions>rc;ico;cur;bmp;dlg;rc2;rct;bin;rgs;gif;jpg;jpeg;jpe;resx;tiff;tif;png;wav;mfcribbon-ms</Extensions>
    </Filter>
    <Filter Include="Header Files\features">
      <UniqueIdentifier>{a34a2dc0-88d2-4a91-abd7-947bc271e8a9}</UniqueIdentifier>
    </Filter>
  </ItemGroup>
  <ItemGroup>
    <ClInclude Include="framework.h">
      <Filter>Header Files</Filter>
    </ClInclude>
    <ClInclude Include="targetver.h">
      <Filter>Header Files</Filter>
    </ClInclude>
    <ClInclude Include="Resource.h">
      <Filter>Header Files</Filter>
    </ClInclude>
    <ClInclude Include="MR2Tool.h">
      <Filter>Header Files</Filter>
    </ClInclude>
    <ClInclude Include="filef.h">
      <Filter>Header Files</Filter>
    </ClInclude>
    <ClInclude Include="carfile.h">
      <Filter>Header Files\features</Filter>
    </ClInclude>
    <ClInclude Include="depak.h">
      <Filter>Header Files\features</Filter>
    </ClInclude>
    <ClInclude Include="mar.h">
      <Filter>Header Files\features</Filter>
    </ClInclude>
    <ClInclude Include="pthfile.h">
      <Filter>Header Files\features</Filter>
    </ClInclude>
    <ClInclude Include="polcarfile.h">
      <Filter>Header Files\features</Filter>
    </ClInclude>
    <ClInclude Include="IniReader.h">
      <Filter>Source Files</Filter>
    </ClInclude>
  </ItemGroup>
  <ItemGroup>
    <ClCompile Include="MR2Tool.cpp">
      <Filter>Source Files</Filter>
    </ClCompile>
    <ClCompile Include="filef.cpp">
      <Filter>Header Files</Filter>
    </ClCompile>
    <ClCompile Include="carfile.cpp">
      <Filter>Header Files\features</Filter>
    </ClCompile>
    <ClCompile Include="depak.cpp">
      <Filter>Header Files\features</Filter>
    </ClCompile>
    <ClCompile Include="mar.cpp">
      <Filter>Header Files\features</Filter>
    </ClCompile>
    <ClCompile Include="pthfile.cpp">
      <Filter>Header Files\features</Filter>
    </ClCompile>
    <ClCompile Include="polcarfile.cpp">
      <Filter>Header Files\features</Filter>
    </ClCompile>
    <ClCompile Include="IniReader.cpp">
      <Filter>Source Files</Filter>
    </ClCompile>
  </ItemGroup>
  <ItemGroup>
    <ResourceCompile Include="MR2Tool.rc">
      <Filter>Resource Files</Filter>
    </ResourceCompile>
  </ItemGroup>
  <ItemGroup>
    <Image Include="small.ico">
      <Filter>Resource Files</Filter>
    </Image>
    <Image Include="MR2Tool.ico">
      <Filter>Resource Files</Filter>
    </Image>
    <Image Include="icon3.ico">
      <Filter>Resource Files</Filter>
    </Image>
  </ItemGroup>
</Project>